
Microsoft Visual Studio Solution File, Format Version 12.00
# Visual Studio Version 17
VisualStudioVersion = 17.5.33424.131
MinimumVisualStudioVersion = 10.0.40219.1
Project("{FAE04EC0-301F-11D3-BF4B-00C04F79EFBC}") = "WinFormsApp2", "WinFormsApp2\WinFormsApp2.csproj", "{287CA52A-3861-484F-AE64-F6AFCFBAC2F3}"
EndProject
Project("{2150E333-8FDC-42A3-9474-1A3956D46DE8}") = "Solution Items", "Solution Items", "{EC5C4D92-8022-458A-8B0B-774DBF0EA082}"
	ProjectSection(SolutionItems) = preProject
		config.cs = config.cs
	EndProjectSection
EndProject
Global
	GlobalSection(SolutionConfigurationPlatforms) = preSolution
		Debug|Any CPU = Debug|Any CPU
		Release|Any CPU = Release|Any CPU
	EndGlobalSection
	GlobalSection(ProjectConfigurationPlatforms) = postSolution
		{287CA52A-3861-484F-AE64-F6AFCFBAC2F3}.Debug|Any CPU.ActiveCfg = Debug|Any CPU
		{287CA52A-3861-484F-AE64-F6AFCFBAC2F3}.Debug|Any CPU.Build.0 = Debug|Any CPU
		{287CA52A-3861-484F-AE64-F6AFCFBAC2F3}.Release|Any CPU.ActiveCfg = Release|Any CPU
		{287CA52A-3861-484F-AE64-F6AFCFBAC2F3}.Release|Any CPU.Build.0 = Release|Any CPU
	EndGlobalSection
	GlobalSection(SolutionProperties) = preSolution
		HideSolutionNode = FALSE
	EndGlobalSection
	GlobalSection(ExtensibilityGlobals) = postSolution
		SolutionGuid = {BB1D816E-532E-4D26-8401-F81C6B99E557}
	EndGlobalSection
EndGlobal
